
Microsoft Visual Studio Solution File, Format Version 12.00
# Visual Studio Version 17
VisualStudioVersion = 17.7.34024.191
MinimumVisualStudioVersion = 10.0.40219.1
Project("{FAE04EC0-301F-11D3-BF4B-00C04F79EFBC}") = "MinimalAPIWithAuthentication", "MinimalAPIWithAuthentication\MinimalAPIWithAuthentication.csproj", "{685CA409-DB49-41E1-BD93-98480F95447D}"
EndProject
Global
	GlobalSection(SolutionConfigurationPlatforms) = preSolution
		Debug|Any CPU = Debug|Any CPU
		Release|Any CPU = Release|Any CPU
	EndGlobalSection
	GlobalSection(ProjectConfigurationPlatforms) = postSolution
		{685CA409-DB49-41E1-BD93-98480F95447D}.Debug|Any CPU.ActiveCfg = Debug|Any CPU
		{685CA409-DB49-41E1-BD93-98480F95447D}.Debug|Any CPU.Build.0 = Debug|Any CPU
		{685CA409-DB49-41E1-BD93-98480F95447D}.Release|Any CPU.ActiveCfg = Release|Any CPU
		{685CA409-DB49-41E1-BD93-98480F95447D}.Release|Any CPU.Build.0 = Release|Any CPU
	EndGlobalSection
	GlobalSection(SolutionProperties) = preSolution
		HideSolutionNode = FALSE
	EndGlobalSection
	GlobalSection(ExtensibilityGlobals) = postSolution
		SolutionGuid = {5AC80C46-A9CB-4D5C-A713-0029A3F9504B}
	EndGlobalSection
EndGlobal
